// !$*UTF8*$!
{
	archiveVersion = 1;
	classes = {
	};
	objectVersion = 55;
	objects = {

/* Begin PBXBuildFile section */
		816A6A4E273C728600BAD124 /* SettingsView.swift in Sources */ = {isa = PBXBuildFile; fileRef = 816A6A4D273C728600BAD124 /* SettingsView.swift */; };
		81AC2FA82735CA89000532FB /* Info.plist in Resources */ = {isa = PBXBuildFile; fileRef = 81AC2FA72735CA89000532FB /* Info.plist */; };
		81B227732733477500D05C48 /* RemoteImage.swift in Sources */ = {isa = PBXBuildFile; fileRef = 81B227722733477500D05C48 /* RemoteImage.swift */; };
		81B227752734717F00D05C48 /* PagePreview.swift in Sources */ = {isa = PBXBuildFile; fileRef = 81B227742734717F00D05C48 /* PagePreview.swift */; };
		81B227772735AC1B00D05C48 /* Util.swift in Sources */ = {isa = PBXBuildFile; fileRef = 81B227762735AC1B00D05C48 /* Util.swift */; };
		81C50DD1272B50DA00917B17 /* PrintPageApp.swift in Sources */ = {isa = PBXBuildFile; fileRef = 81C50DD0272B50DA00917B17 /* PrintPageApp.swift */; };
		81C50DD5272B50DD00917B17 /* Assets.xcassets in Resources */ = {isa = PBXBuildFile; fileRef = 81C50DD4272B50DD00917B17 /* Assets.xcassets */; };
		81C50DD8272B50DD00917B17 /* Preview Assets.xcassets in Resources */ = {isa = PBXBuildFile; fileRef = 81C50DD7272B50DD00917B17 /* Preview Assets.xcassets */; };
		81C50DE3272B50DD00917B17 /* PrintPageTests.swift in Sources */ = {isa = PBXBuildFile; fileRef = 81C50DE2272B50DD00917B17 /* PrintPageTests.swift */; };
		81C50DED272B50DD00917B17 /* PrintPageUITests.swift in Sources */ = {isa = PBXBuildFile; fileRef = 81C50DEC272B50DD00917B17 /* PrintPageUITests.swift */; };
		81C50DEF272B50DD00917B17 /* PrintPageUITestsLaunchTests.swift in Sources */ = {isa = PBXBuildFile; fileRef = 81C50DEE272B50DD00917B17 /* PrintPageUITestsLaunchTests.swift */; };
		81C50DFC27308DCB00917B17 /* MainView.swift in Sources */ = {isa = PBXBuildFile; fileRef = 81C50DFB27308DCB00917B17 /* MainView.swift */; };
		81C50DFE273193EF00917B17 /* CustomSearchClient.swift in Sources */ = {isa = PBXBuildFile; fileRef = 81C50DFD273193EF00917B17 /* CustomSearchClient.swift */; };
/* End PBXBuildFile section */

/* Begin PBXContainerItemProxy section */
		81C50DDF272B50DD00917B17 /* PBXContainerItemProxy */ = {
			isa = PBXContainerItemProxy;
			containerPortal = 81C50DC5272B50DA00917B17 /* Project object */;
			proxyType = 1;
			remoteGlobalIDString = 81C50DCC272B50DA00917B17;
			remoteInfo = PrintPage;
		};
		81C50DE9272B50DD00917B17 /* PBXContainerItemProxy */ = {
			isa = PBXContainerItemProxy;
			containerPortal = 81C50DC5272B50DA00917B17 /* Project object */;
			proxyType = 1;
			remoteGlobalIDString = 81C50DCC272B50DA00917B17;
			remoteInfo = PrintPage;
		};
/* End PBXContainerItemProxy section */

/* Begin PBXFileReference section */
		8157B385273DD5ED000F056E /* readme.md */ = {isa = PBXFileReference; lastKnownFileType = net.daringfireball.markdown; path = readme.md; sourceTree = "<group>"; };
		816A6A4D273C728600BAD124 /* SettingsView.swift */ = {isa = PBXFileReference; lastKnownFileType = sourcecode.swift; path = SettingsView.swift; sourceTree = "<group>"; };
		81AC2FA72735CA89000532FB /* Info.plist */ = {isa = PBXFileReference; lastKnownFileType = text.plist.xml; path = Info.plist; sourceTree = "<group>"; };
		81B227722733477500D05C48 /* RemoteImage.swift */ = {isa = PBXFileReference; lastKnownFileType = sourcecode.swift; path = RemoteImage.swift; sourceTree = "<group>"; };
		81B227742734717F00D05C48 /* PagePreview.swift */ = {isa = PBXFileReference; lastKnownFileType = sourcecode.swift; path = PagePreview.swift; sourceTree = "<group>"; };
		81B227762735AC1B00D05C48 /* Util.swift */ = {isa = PBXFileReference; lastKnownFileType = sourcecode.swift; path = Util.swift; sourceTree = "<group>"; };
		81C50DCD272B50DA00917B17 /* PrintPage.app */ = {isa = PBXFileReference; explicitFileType = wrapper.application; includeInIndex = 0; path = PrintPage.app; sourceTree = BUILT_PRODUCTS_DIR; };
		81C50DD0272B50DA00917B17 /* PrintPageApp.swift */ = {isa = PBXFileReference; lastKnownFileType = sourcecode.swift; path = PrintPageApp.swift; sourceTree = "<group>"; };
		81C50DD4272B50DD00917B17 /* Assets.xcassets */ = {isa = PBXFileReference; lastKnownFileType = folder.assetcatalog; path = Assets.xcassets; sourceTree = "<group>"; };
		81C50DD7272B50DD00917B17 /* Preview Assets.xcassets */ = {isa = PBXFileReference; lastKnownFileType = folder.assetcatalog; path = "Preview Assets.xcassets"; sourceTree = "<group>"; };
		81C50DD9272B50DD00917B17 /* PrintPage.entitlements */ = {isa = PBXFileReference; lastKnownFileType = text.plist.entitlements; path = PrintPage.entitlements; sourceTree = "<group>"; };
		81C50DDE272B50DD00917B17 /* PrintPageTests.xctest */ = {isa = PBXFileReference; explicitFileType = wrapper.cfbundle; includeInIndex = 0; path = PrintPageTests.xctest; sourceTree = BUILT_PRODUCTS_DIR; };
		81C50DE2272B50DD00917B17 /* PrintPageTests.swift */ = {isa = PBXFileReference; lastKnownFileType = sourcecode.swift; path = PrintPageTests.swift; sourceTree = "<group>"; };
		81C50DE8272B50DD00917B17 /* PrintPageUITests.xctest */ = {isa = PBXFileReference; explicitFileType = wrapper.cfbundle; includeInIndex = 0; path = PrintPageUITests.xctest; sourceTree = BUILT_PRODUCTS_DIR; };
		81C50DEC272B50DD00917B17 /* PrintPageUITests.swift */ = {isa = PBXFileReference; lastKnownFileType = sourcecode.swift; path = PrintPageUITests.swift; sourceTree = "<group>"; };
		81C50DEE272B50DD00917B17 /* PrintPageUITestsLaunchTests.swift */ = {isa = PBXFileReference; lastKnownFileType = sourcecode.swift; path = PrintPageUITestsLaunchTests.swift; sourceTree = "<group>"; };
		81C50DFB27308DCB00917B17 /* MainView.swift */ = {isa = PBXFileReference; lastKnownFileType = sourcecode.swift; path = MainView.swift; sourceTree = "<group>"; };
		81C50DFD273193EF00917B17 /* CustomSearchClient.swift */ = {isa = PBXFileReference; lastKnownFileType = sourcecode.swift; path = CustomSearchClient.swift; sourceTree = "<group>"; };
/* End PBXFileReference section */

/* Begin PBXFrameworksBuildPhase section */
		81C50DCA272B50DA00917B17 /* Frameworks */ = {
			isa = PBXFrameworksBuildPhase;
			buildActionMask = 2147483647;
			files = (
			);
			runOnlyForDeploymentPostprocessing = 0;
		};
		81C50DDB272B50DD00917B17 /* Frameworks */ = {
			isa = PBXFrameworksBuildPhase;
			buildActionMask = 2147483647;
			files = (
			);
			runOnlyForDeploymentPostprocessing = 0;
		};
		81C50DE5272B50DD00917B17 /* Frameworks */ = {
			isa = PBXFrameworksBuildPhase;
			buildActionMask = 2147483647;
			files = (
			);
			runOnlyForDeploymentPostprocessing = 0;
		};
/* End PBXFrameworksBuildPhase section */

/* Begin PBXGroup section */
		81C50DC4272B50DA00917B17 = {
			isa = PBXGroup;
			children = (
				8157B385273DD5ED000F056E /* readme.md */,
				81C50DCF272B50DA00917B17 /* PrintPage */,
				81C50DE1272B50DD00917B17 /* PrintPageTests */,
				81C50DEB272B50DD00917B17 /* PrintPageUITests */,
				81C50DCE272B50DA00917B17 /* Products */,
			);
			sourceTree = "<group>";
		};
		81C50DCE272B50DA00917B17 /* Products */ = {
			isa = PBXGroup;
			children = (
				81C50DCD272B50DA00917B17 /* PrintPage.app */,
				81C50DDE272B50DD00917B17 /* PrintPageTests.xctest */,
				81C50DE8272B50DD00917B17 /* PrintPageUITests.xctest */,
			);
			name = Products;
			sourceTree = "<group>";
		};
		81C50DCF272B50DA00917B17 /* PrintPage */ = {
			isa = PBXGroup;
			children = (
				81AC2FA72735CA89000532FB /* Info.plist */,
				81C50DD0272B50DA00917B17 /* PrintPageApp.swift */,
				81C50DFB27308DCB00917B17 /* MainView.swift */,
				81C50DD4272B50DD00917B17 /* Assets.xcassets */,
				81C50DD9272B50DD00917B17 /* PrintPage.entitlements */,
				81C50DD6272B50DD00917B17 /* Preview Content */,
				81C50DFD273193EF00917B17 /* CustomSearchClient.swift */,
				81B227722733477500D05C48 /* RemoteImage.swift */,
				81B227742734717F00D05C48 /* PagePreview.swift */,
				81B227762735AC1B00D05C48 /* Util.swift */,
				816A6A4D273C728600BAD124 /* SettingsView.swift */,
			);
			path = PrintPage;
			sourceTree = "<group>";
		};
		81C50DD6272B50DD00917B17 /* Preview Content */ = {
			isa = PBXGroup;
			children = (
				81C50DD7272B50DD00917B17 /* Preview Assets.xcassets */,
			);
			path = "Preview Content";
			sourceTree = "<group>";
		};
		81C50DE1272B50DD00917B17 /* PrintPageTests */ = {
			isa = PBXGroup;
			children = (
				81C50DE2272B50DD00917B17 /* PrintPageTests.swift */,
			);
			path = PrintPageTests;
			sourceTree = "<group>";
		};
		81C50DEB272B50DD00917B17 /* PrintPageUITests */ = {
			isa = PBXGroup;
			children = (
				81C50DEC272B50DD00917B17 /* PrintPageUITests.swift */,
				81C50DEE272B50DD00917B17 /* PrintPageUITestsLaunchTests.swift */,
			);
			path = PrintPageUITests;
			sourceTree = "<group>";
		};
/* End PBXGroup section */

/* Begin PBXNativeTarget section */
		81C50DCC272B50DA00917B17 /* PrintPage */ = {
			isa = PBXNativeTarget;
			buildConfigurationList = 81C50DF2272B50DD00917B17 /* Build configuration list for PBXNativeTarget "PrintPage" */;
			buildPhases = (
				81C50DC9272B50DA00917B17 /* Sources */,
				81C50DCA272B50DA00917B17 /* Frameworks */,
				81C50DCB272B50DA00917B17 /* Resources */,
			);
			buildRules = (
			);
			dependencies = (
			);
			name = PrintPage;
			productName = PrintPage;
			productReference = 81C50DCD272B50DA00917B17 /* PrintPage.app */;
			productType = "com.apple.product-type.application";
		};
		81C50DDD272B50DD00917B17 /* PrintPageTests */ = {
			isa = PBXNativeTarget;
			buildConfigurationList = 81C50DF5272B50DD00917B17 /* Build configuration list for PBXNativeTarget "PrintPageTests" */;
			buildPhases = (
				81C50DDA272B50DD00917B17 /* Sources */,
				81C50DDB272B50DD00917B17 /* Frameworks */,
				81C50DDC272B50DD00917B17 /* Resources */,
			);
			buildRules = (
			);
			dependencies = (
				81C50DE0272B50DD00917B17 /* PBXTargetDependency */,
			);
			name = PrintPageTests;
			productName = PrintPageTests;
			productReference = 81C50DDE272B50DD00917B17 /* PrintPageTests.xctest */;
			productType = "com.apple.product-type.bundle.unit-test";
		};
		81C50DE7272B50DD00917B17 /* PrintPageUITests */ = {
			isa = PBXNativeTarget;
			buildConfigurationList = 81C50DF8272B50DD00917B17 /* Build configuration list for PBXNativeTarget "PrintPageUITests" */;
			buildPhases = (
				81C50DE4272B50DD00917B17 /* Sources */,
				81C50DE5272B50DD00917B17 /* Frameworks */,
				81C50DE6272B50DD00917B17 /* Resources */,
			);
			buildRules = (
			);
			dependencies = (
				81C50DEA272B50DD00917B17 /* PBXTargetDependency */,
			);
			name = PrintPageUITests;
			productName = PrintPageUITests;
			productReference = 81C50DE8272B50DD00917B17 /* PrintPageUITests.xctest */;
			productType = "com.apple.product-type.bundle.ui-testing";
		};
/* End PBXNativeTarget section */

/* Begin PBXProject section */
		81C50DC5272B50DA00917B17 /* Project object */ = {
			isa = PBXProject;
			attributes = {
				BuildIndependentTargetsInParallel = 1;
				LastSwiftUpdateCheck = 1310;
				LastUpgradeCheck = 1310;
				TargetAttributes = {
					81C50DCC272B50DA00917B17 = {
						CreatedOnToolsVersion = 13.1;
					};
					81C50DDD272B50DD00917B17 = {
						CreatedOnToolsVersion = 13.1;
						TestTargetID = 81C50DCC272B50DA00917B17;
					};
					81C50DE7272B50DD00917B17 = {
						CreatedOnToolsVersion = 13.1;
						TestTargetID = 81C50DCC272B50DA00917B17;
					};
				};
			};
			buildConfigurationList = 81C50DC8272B50DA00917B17 /* Build configuration list for PBXProject "PrintPage" */;
			compatibilityVersion = "Xcode 13.0";
			developmentRegion = en;
			hasScannedForEncodings = 0;
			knownRegions = (
				en,
				Base,
			);
			mainGroup = 81C50DC4272B50DA00917B17;
			productRefGroup = 81C50DCE272B50DA00917B17 /* Products */;
			projectDirPath = "";
			projectRoot = "";
			targets = (
				81C50DCC272B50DA00917B17 /* PrintPage */,
				81C50DDD272B50DD00917B17 /* PrintPageTests */,
				81C50DE7272B50DD00917B17 /* PrintPageUITests */,
			);
		};
/* End PBXProject section */

/* Begin PBXResourcesBuildPhase section */
		81C50DCB272B50DA00917B17 /* Resources */ = {
			isa = PBXResourcesBuildPhase;
			buildActionMask = 2147483647;
			files = (
				81C50DD8272B50DD00917B17 /* Preview Assets.xcassets in Resources */,
				81C50DD5272B50DD00917B17 /* Assets.xcassets in Resources */,
				81AC2FA82735CA89000532FB /* Info.plist in Resources */,
			);
			runOnlyForDeploymentPostprocessing = 0;
		};
		81C50DDC272B50DD00917B17 /* Resources */ = {
			isa = PBXResourcesBuildPhase;
			buildActionMask = 2147483647;
			files = (
			);
			runOnlyForDeploymentPostprocessing = 0;
		};
		81C50DE6272B50DD00917B17 /* Resources */ = {
			isa = PBXResourcesBuildPhase;
			buildActionMask = 2147483647;
			files = (
			);
			runOnlyForDeploymentPostprocessing = 0;
		};
/* End PBXResourcesBuildPhase section */

/* Begin PBXSourcesBuildPhase section */
		81C50DC9272B50DA00917B17 /* Sources */ = {
			isa = PBXSourcesBuildPhase;
			buildActionMask = 2147483647;
			files = (
				816A6A4E273C728600BAD124 /* SettingsView.swift in Sources */,
				81C50DFC27308DCB00917B17 /* MainView.swift in Sources */,
				81B227772735AC1B00D05C48 /* Util.swift in Sources */,
				81C50DFE273193EF00917B17 /* CustomSearchClient.swift in Sources */,
				81C50DD1272B50DA00917B17 /* PrintPageApp.swift in Sources */,
				81B227752734717F00D05C48 /* PagePreview.swift in Sources */,
				81B227732733477500D05C48 /* RemoteImage.swift in Sources */,
			);
			runOnlyForDeploymentPostprocessing = 0;
		};
		81C50DDA272B50DD00917B17 /* Sources */ = {
			isa = PBXSourcesBuildPhase;
			buildActionMask = 2147483647;
			files = (
				81C50DE3272B50DD00917B17 /* PrintPageTests.swift in Sources */,
			);
			runOnlyForDeploymentPostprocessing = 0;
		};
		81C50DE4272B50DD00917B17 /* Sources */ = {
			isa = PBXSourcesBuildPhase;
			buildActionMask = 2147483647;
			files = (
				81C50DED272B50DD00917B17 /* PrintPageUITests.swift in Sources */,
				81C50DEF272B50DD00917B17 /* PrintPageUITestsLaunchTests.swift in Sources */,
			);
			runOnlyForDeploymentPostprocessing = 0;
		};
/* End PBXSourcesBuildPhase section */

/* Begin PBXTargetDependency section */
		81C50DE0272B50DD00917B17 /* PBXTargetDependency */ = {
			isa = PBXTargetDependency;
			target = 81C50DCC272B50DA00917B17 /* PrintPage */;
			targetProxy = 81C50DDF272B50DD00917B17 /* PBXContainerItemProxy */;
		};
		81C50DEA272B50DD00917B17 /* PBXTargetDependency */ = {
			isa = PBXTargetDependency;
			target = 81C50DCC272B50DA00917B17 /* PrintPage */;
			targetProxy = 81C50DE9272B50DD00917B17 /* PBXContainerItemProxy */;
		};
/* End PBXTargetDependency section */

/* Begin XCBuildConfiguration section */
		81C50DF0272B50DD00917B17 /* Debug */ = {
			isa = XCBuildConfiguration;
			buildSettings = {
				ALWAYS_SEARCH_USER_PATHS = NO;
				CLANG_ANALYZER_NONNULL = YES;
				CLANG_ANALYZER_NUMBER_OBJECT_CONVERSION = YES_AGGRESSIVE;
				CLANG_CXX_LANGUAGE_STANDARD = "gnu++17";
				CLANG_CXX_LIBRARY = "libc++";
				CLANG_ENABLE_MODULES = YES;
				CLANG_ENABLE_OBJC_ARC = YES;
				CLANG_ENABLE_OBJC_WEAK = YES;
				CLANG_WARN_BLOCK_CAPTURE_AUTORELEASING = YES;
				CLANG_WARN_BOOL_CONVERSION = YES;
				CLANG_WARN_COMMA = YES;
				CLANG_WARN_CONSTANT_CONVERSION = YES;
				CLANG_WARN_DEPRECATED_OBJC_IMPLEMENTATIONS = YES;
				CLANG_WARN_DIRECT_OBJC_ISA_USAGE = YES_ERROR;
				CLANG_WARN_DOCUMENTATION_COMMENTS = YES;
				CLANG_WARN_EMPTY_BODY = YES;
				CLANG_WARN_ENUM_CONVERSION = YES;
				CLANG_WARN_INFINITE_RECURSION = YES;
				CLANG_WARN_INT_CONVERSION = YES;
				CLANG_WARN_NON_LITERAL_NULL_CONVERSION = YES;
				CLANG_WARN_OBJC_IMPLICIT_RETAIN_SELF = YES;
				CLANG_WARN_OBJC_LITERAL_CONVERSION = YES;
				CLANG_WARN_OBJC_ROOT_CLASS = YES_ERROR;
				CLANG_WARN_QUOTED_INCLUDE_IN_FRAMEWORK_HEADER = YES;
				CLANG_WARN_RANGE_LOOP_ANALYSIS = YES;
				CLANG_WARN_STRICT_PROTOTYPES = YES;
				CLANG_WARN_SUSPICIOUS_MOVE = YES;
				CLANG_WARN_UNGUARDED_AVAILABILITY = YES_AGGRESSIVE;
				CLANG_WARN_UNREACHABLE_CODE = YES;
				CLANG_WARN__DUPLICATE_METHOD_MATCH = YES;
				COPY_PHASE_STRIP = NO;
				DEBUG_INFORMATION_FORMAT = dwarf;
				ENABLE_STRICT_OBJC_MSGSEND = YES;
				ENABLE_TESTABILITY = YES;
				GCC_C_LANGUAGE_STANDARD = gnu11;
				GCC_DYNAMIC_NO_PIC = NO;
				GCC_NO_COMMON_BLOCKS = YES;
				GCC_OPTIMIZATION_LEVEL = 0;
				GCC_PREPROCESSOR_DEFINITIONS = (
					"DEBUG=1",
					"$(inherited)",
				);
				GCC_WARN_64_TO_32_BIT_CONVERSION = YES;
				GCC_WARN_ABOUT_RETURN_TYPE = YES_ERROR;
				GCC_WARN_UNDECLARED_SELECTOR = YES;
				GCC_WARN_UNINITIALIZED_AUTOS = YES_AGGRESSIVE;
				GCC_WARN_UNUSED_FUNCTION = YES;
				GCC_WARN_UNUSED_VARIABLE = YES;
				MACOSX_DEPLOYMENT_TARGET = 11.6;
				MTL_ENABLE_DEBUG_INFO = INCLUDE_SOURCE;
				MTL_FAST_MATH = YES;
				ONLY_ACTIVE_ARCH = YES;
				SDKROOT = macosx;
				SWIFT_ACTIVE_COMPILATION_CONDITIONS = DEBUG;
				SWIFT_OPTIMIZATION_LEVEL = "-Onone";
			};
			name = Debug;
		};
		81C50DF1272B50DD00917B17 /* Release */ = {
			isa = XCBuildConfiguration;
			buildSettings = {
				ALWAYS_SEARCH_USER_PATHS = NO;
				CLANG_ANALYZER_NONNULL = YES;
				CLANG_ANALYZER_NUMBER_OBJECT_CONVERSION = YES_AGGRESSIVE;
				CLANG_CXX_LANGUAGE_STANDARD = "gnu++17";
				CLANG_CXX_LIBRARY = "libc++";
				CLANG_ENABLE_MODULES = YES;
				CLANG_ENABLE_OBJC_ARC = YES;
				CLANG_ENABLE_OBJC_WEAK = YES;
				CLANG_WARN_BLOCK_CAPTURE_AUTORELEASING = YES;
				CLANG_WARN_BOOL_CONVERSION = YES;
				CLANG_WARN_COMMA = YES;
				CLANG_WARN_CONSTANT_CONVERSION = YES;
				CLANG_WARN_DEPRECATED_OBJC_IMPLEMENTATIONS = YES;
				CLANG_WARN_DIRECT_OBJC_ISA_USAGE = YES_ERROR;
				CLANG_WARN_DOCUMENTATION_COMMENTS = YES;
				CLANG_WARN_EMPTY_BODY = YES;
				CLANG_WARN_ENUM_CONVERSION = YES;
				CLANG_WARN_INFINITE_RECURSION = YES;
				CLANG_WARN_INT_CONVERSION = YES;
				CLANG_WARN_NON_LITERAL_NULL_CONVERSION = YES;
				CLANG_WARN_OBJC_IMPLICIT_RETAIN_SELF = YES;
				CLANG_WARN_OBJC_LITERAL_CONVERSION = YES;
				CLANG_WARN_OBJC_ROOT_CLASS = YES_ERROR;
				CLANG_WARN_QUOTED_INCLUDE_IN_FRAMEWORK_HEADER = YES;
				CLANG_WARN_RANGE_LOOP_ANALYSIS = YES;
				CLANG_WARN_STRICT_PROTOTYPES = YES;
				CLANG_WARN_SUSPICIOUS_MOVE = YES;
				CLANG_WARN_UNGUARDED_AVAILABILITY = YES_AGGRESSIVE;
				CLANG_WARN_UNREACHABLE_CODE = YES;
				CLANG_WARN__DUPLICATE_METHOD_MATCH = YES;
				COPY_PHASE_STRIP = NO;
				DEBUG_INFORMATION_FORMAT = "dwarf-with-dsym";
				ENABLE_NS_ASSERTIONS = NO;
				ENABLE_STRICT_OBJC_MSGSEND = YES;
				GCC_C_LANGUAGE_STANDARD = gnu11;
				GCC_NO_COMMON_BLOCKS = YES;
				GCC_WARN_64_TO_32_BIT_CONVERSION = YES;
				GCC_WARN_ABOUT_RETURN_TYPE = YES_ERROR;
				GCC_WARN_UNDECLARED_SELECTOR = YES;
				GCC_WARN_UNINITIALIZED_AUTOS = YES_AGGRESSIVE;
				GCC_WARN_UNUSED_FUNCTION = YES;
				GCC_WARN_UNUSED_VARIABLE = YES;
				MACOSX_DEPLOYMENT_TARGET = 11.6;
				MTL_ENABLE_DEBUG_INFO = NO;
				MTL_FAST_MATH = YES;
				SDKROOT = macosx;
				SWIFT_COMPILATION_MODE = wholemodule;
				SWIFT_OPTIMIZATION_LEVEL = "-O";
			};
			name = Release;
		};
		81C50DF3272B50DD00917B17 /* Debug */ = {
			isa = XCBuildConfiguration;
			buildSettings = {
				ASSETCATALOG_COMPILER_APPICON_NAME = AppIcon;
				ASSETCATALOG_COMPILER_GLOBAL_ACCENT_COLOR_NAME = AccentColor;
				CODE_SIGN_ENTITLEMENTS = PrintPage/PrintPage.entitlements;
				CODE_SIGN_STYLE = Automatic;
				COMBINE_HIDPI_IMAGES = YES;
				CURRENT_PROJECT_VERSION = 1;
				DEVELOPMENT_ASSET_PATHS = "\"PrintPage/Preview Content\"";
				ENABLE_PREVIEWS = YES;
				GENERATE_INFOPLIST_FILE = YES;
				INFOPLIST_KEY_NSHumanReadableCopyright = "";
				LD_RUNPATH_SEARCH_PATHS = (
					"$(inherited)",
					"@executable_path/../Frameworks",
				);
				MARKETING_VERSION = 1.0;
				PRODUCT_BUNDLE_IDENTIFIER = com.feathj.PrintPage;
				PRODUCT_NAME = "$(TARGET_NAME)";
				SWIFT_EMIT_LOC_STRINGS = YES;
				SWIFT_VERSION = 5.0;
			};
			name = Debug;
		};
		81C50DF4272B50DD00917B17 /* Release */ = {
			isa = XCBuildConfiguration;
			buildSettings = {
				ASSETCATALOG_COMPILER_APPICON_NAME = AppIcon;
				ASSETCATALOG_COMPILER_GLOBAL_ACCENT_COLOR_NAME = AccentColor;
				CODE_SIGN_ENTITLEMENTS = PrintPage/PrintPage.entitlements;
				CODE_SIGN_STYLE = Automatic;
				COMBINE_HIDPI_IMAGES = YES;
				CURRENT_PROJECT_VERSION = 1;
				DEVELOPMENT_ASSET_PATHS = "\"PrintPage/Preview Content\"";
				ENABLE_PREVIEWS = YES;
				GENERATE_INFOPLIST_FILE = YES;
				INFOPLIST_KEY_NSHumanReadableCopyright = "";
				LD_RUNPATH_SEARCH_PATHS = (
					"$(inherited)",
					"@executable_path/../Frameworks",
				);
				MARKETING_VERSION = 1.0;
				PRODUCT_BUNDLE_IDENTIFIER = com.feathj.PrintPage;
				PRODUCT_NAME = "$(TARGET_NAME)";
				SWIFT_EMIT_LOC_STRINGS = YES;
				SWIFT_VERSION = 5.0;
			};
			name = Release;
		};
		81C50DF6272B50DD00917B17 /* Debug */ = {
			isa = XCBuildConfiguration;
			buildSettings = {
				ALWAYS_EMBED_SWIFT_STANDARD_LIBRARIES = YES;
				BUNDLE_LOADER = "$(TEST_HOST)";
				CODE_SIGN_STYLE = Automatic;
				COMBINE_HIDPI_IMAGES = YES;
				CURRENT_PROJECT_VERSION = 1;
				GENERATE_INFOPLIST_FILE = YES;
				LD_RUNPATH_SEARCH_PATHS = (
					"$(inherited)",
					"@executable_path/../Frameworks",
					"@loader_path/../Frameworks",
				);
				MACOSX_DEPLOYMENT_TARGET = 11.6;
				MARKETING_VERSION = 1.0;
				PRODUCT_BUNDLE_IDENTIFIER = com.feathj.PrintPageTests;
				PRODUCT_NAME = "$(TARGET_NAME)";
				SWIFT_EMIT_LOC_STRINGS = NO;
				SWIFT_VERSION = 5.0;
				TEST_HOST = "$(BUILT_PRODUCTS_DIR)/PrintPage.app/Contents/MacOS/PrintPage";
			};
			name = Debug;
		};
		81C50DF7272B50DD00917B17 /* Release */ = {
			isa = XCBuildConfiguration;
			buildSettings = {
				ALWAYS_EMBED_SWIFT_STANDARD_LIBRARIES = YES;
				BUNDLE_LOADER = "$(TEST_HOST)";
				CODE_SIGN_STYLE = Automatic;
				COMBINE_HIDPI_IMAGES = YES;
				CURRENT_PROJECT_VERSION = 1;
				GENERATE_INFOPLIST_FILE = YES;
				LD_RUNPATH_SEARCH_PATHS = (
					"$(inherited)",
					"@executable_path/../Frameworks",
					"@loader_path/../Frameworks",
				);
				MACOSX_DEPLOYMENT_TARGET = 11.6;
				MARKETING_VERSION = 1.0;
				PRODUCT_BUNDLE_IDENTIFIER = com.feathj.PrintPageTests;
				PRODUCT_NAME = "$(TARGET_NAME)";
				SWIFT_EMIT_LOC_STRINGS = NO;
				SWIFT_VERSION = 5.0;
				TEST_HOST = "$(BUILT_PRODUCTS_DIR)/PrintPage.app/Contents/MacOS/PrintPage";
			};
			name = Release;
		};
		81C50DF9272B50DD00917B17 /* Debug */ = {
			isa = XCBuildConfiguration;
			buildSettings = {
				ALWAYS_EMBED_SWIFT_STANDARD_LIBRARIES = YES;
				CODE_SIGN_STYLE = Automatic;
				COMBINE_HIDPI_IMAGES = YES;
				CURRENT_PROJECT_VERSION = 1;
				GENERATE_INFOPLIST_FILE = YES;
				LD_RUNPATH_SEARCH_PATHS = (
					"$(inherited)",
					"@executable_path/../Frameworks",
					"@loader_path/../Frameworks",
				);
				MARKETING_VERSION = 1.0;
				PRODUCT_BUNDLE_IDENTIFIER = com.feathj.PrintPageUITests;
				PRODUCT_NAME = "$(TARGET_NAME)";
				SWIFT_EMIT_LOC_STRINGS = NO;
				SWIFT_VERSION = 5.0;
				TEST_TARGET_NAME = PrintPage;
			};
			name = Debug;
		};
		81C50DFA272B50DD00917B17 /* Release */ = {
			isa = XCBuildConfiguration;
			buildSettings = {
				ALWAYS_EMBED_SWIFT_STANDARD_LIBRARIES = YES;
				CODE_SIGN_STYLE = Automatic;
				COMBINE_HIDPI_IMAGES = YES;
				CURRENT_PROJECT_VERSION = 1;
				GENERATE_INFOPLIST_FILE = YES;
				LD_RUNPATH_SEARCH_PATHS = (
					"$(inherited)",
					"@executable_path/../Frameworks",
					"@loader_path/../Frameworks",
				);
				MARKETING_VERSION = 1.0;
				PRODUCT_BUNDLE_IDENTIFIER = com.feathj.PrintPageUITests;
				PRODUCT_NAME = "$(TARGET_NAME)";
				SWIFT_EMIT_LOC_STRINGS = NO;
				SWIFT_VERSION = 5.0;
				TEST_TARGET_NAME = PrintPage;
			};
			name = Release;
		};
/* End XCBuildConfiguration section */

/* Begin XCConfigurationList section */
		81C50DC8272B50DA00917B17 /* Build configuration list for PBXProject "PrintPage" */ = {
			isa = XCConfigurationList;
			buildConfigurations = (
				81C50DF0272B50DD00917B17 /* Debug */,
				81C50DF1272B50DD00917B17 /* Release */,
			);
			defaultConfigurationIsVisible = 0;
			defaultConfigurationName = Release;
		};
		81C50DF2272B50DD00917B17 /* Build configuration list for PBXNativeTarget "PrintPage" */ = {
			isa = XCConfigurationList;
			buildConfigurations = (
				81C50DF3272B50DD00917B17 /* Debug */,
				81C50DF4272B50DD00917B17 /* Release */,
			);
			defaultConfigurationIsVisible = 0;
			defaultConfigurationName = Release;
		};
		81C50DF5272B50DD00917B17 /* Build configuration list for PBXNativeTarget "PrintPageTests" */ = {
			isa = XCConfigurationList;
			buildConfigurations = (
				81C50DF6272B50DD00917B17 /* Debug */,
				81C50DF7272B50DD00917B17 /* Release */,
			);
			defaultConfigurationIsVisible = 0;
			defaultConfigurationName = Release;
		};
		81C50DF8272B50DD00917B17 /* Build configuration list for PBXNativeTarget "PrintPageUITests" */ = {
			isa = XCConfigurationList;
			buildConfigurations = (
				81C50DF9272B50DD00917B17 /* Debug */,
				81C50DFA272B50DD00917B17 /* Release */,
			);
			defaultConfigurationIsVisible = 0;
			defaultConfigurationName = Release;
		};
/* End XCConfigurationList section */
	};
	rootObject = 81C50DC5272B50DA00917B17 /* Project object */;
}
